{
  "name": "Enocq",
  "lockfileVersion": 2,
  "requires": true,
  "packages": {
    "": {
      "dependencies": {
        "autotyping": "^1.2.6"
      }
    },
    "node_modules/autotyping": {
      "version": "1.2.6",
      "resolved": "https://registry.npmjs.org/autotyping/-/autotyping-1.2.6.tgz",
      "integrity": "sha512-YSV6xEcs6A9Ngg12RvLSL8+kzP2wNz7NE9NEElsL+1QaPDjzCQXOtSuuMJjZF21GE1aXaMD6nYimMisQLwo7fA=="
    }
  },
  "dependencies": {
    "autotyping": {
      "version": "1.2.6",
      "resolved": "https://registry.npmjs.org/autotyping/-/autotyping-1.2.6.tgz",
      "integrity": "sha512-YSV6xEcs6A9Ngg12RvLSL8+kzP2wNz7NE9NEElsL+1QaPDjzCQXOtSuuMJjZF21GE1aXaMD6nYimMisQLwo7fA=="
    }
  }
}
